
Microsoft Visual Studio Solution File, Format Version 12.00
# Visual Studio Version 16
VisualStudioVersion = 16.0.29009.5
MinimumVisualStudioVersion = 10.0.40219.1
Project("{9A19103F-16F7-4668-BE54-9A1E7A4F7556}") = "SS.Gather", "SS.Gather.csproj", "{9ED0F176-D629-495C-92F4-E641BE7CCDF8}"
EndProject
Project("{FAE04EC0-301F-11D3-BF4B-00C04F79EFBC}") = "SiteServer.Cli", "..\..\..\..\SiteServer.Cli\SiteServer.Cli.csproj", "{A7E4D925-AACF-4782-8B9A-C10B9F527A0C}"
EndProject
Global
	GlobalSection(SolutionConfigurationPlatforms) = preSolution
		Debug|Any CPU = Debug|Any CPU
		Release|Any CPU = Release|Any CPU
	EndGlobalSection
	GlobalSection(ProjectConfigurationPlatforms) = postSolution
		{9ED0F176-D629-495C-92F4-E641BE7CCDF8}.Debug|Any CPU.ActiveCfg = Debug|Any CPU
		{9ED0F176-D629-495C-92F4-E641BE7CCDF8}.Debug|Any CPU.Build.0 = Debug|Any CPU
		{9ED0F176-D629-495C-92F4-E641BE7CCDF8}.Release|Any CPU.ActiveCfg = Release|Any CPU
		{9ED0F176-D629-495C-92F4-E641BE7CCDF8}.Release|Any CPU.Build.0 = Release|Any CPU
		{A7E4D925-AACF-4782-8B9A-C10B9F527A0C}.Debug|Any CPU.ActiveCfg = Debug|Any CPU
		{A7E4D925-AACF-4782-8B9A-C10B9F527A0C}.Debug|Any CPU.Build.0 = Debug|Any CPU
		{A7E4D925-AACF-4782-8B9A-C10B9F527A0C}.Release|Any CPU.ActiveCfg = Release|Any CPU
		{A7E4D925-AACF-4782-8B9A-C10B9F527A0C}.Release|Any CPU.Build.0 = Release|Any CPU
	EndGlobalSection
	GlobalSection(SolutionProperties) = preSolution
		HideSolutionNode = FALSE
	EndGlobalSection
	GlobalSection(ExtensibilityGlobals) = postSolution
		SolutionGuid = {BAB0AA7F-0F1D-4D20-B26B-5FF6E06CFD5A}
	EndGlobalSection
EndGlobal
